
Microsoft Visual Studio Solution File, Format Version 12.00
# Visual Studio Version 17
VisualStudioVersion = 17.0.31903.59
MinimumVisualStudioVersion = 10.0.40219.1
Project("{FAE04EC0-301F-11D3-BF4B-00C04F79EFBC}") = "AppTeretana", "AppTeretana.csproj", "{63FE6D2F-8D51-452E-9825-91836DDB3F6D}"
EndProject
Global
	GlobalSection(SolutionConfigurationPlatforms) = preSolution
		Debug|Any CPU = Debug|Any CPU
		Release|Any CPU = Release|Any CPU
	EndGlobalSection
	GlobalSection(ProjectConfigurationPlatforms) = postSolution
		{63FE6D2F-8D51-452E-9825-91836DDB3F6D}.Debug|Any CPU.ActiveCfg = Debug|Any CPU
		{63FE6D2F-8D51-452E-9825-91836DDB3F6D}.Debug|Any CPU.Build.0 = Debug|Any CPU
		{63FE6D2F-8D51-452E-9825-91836DDB3F6D}.Release|Any CPU.ActiveCfg = Release|Any CPU
		{63FE6D2F-8D51-452E-9825-91836DDB3F6D}.Release|Any CPU.Build.0 = Release|Any CPU
	EndGlobalSection
	GlobalSection(SolutionProperties) = preSolution
		HideSolutionNode = FALSE
	EndGlobalSection
	GlobalSection(ExtensibilityGlobals) = postSolution
		SolutionGuid = {E287130D-E2FB-4C3B-81AE-4580AE7E6399}
	EndGlobalSection
EndGlobal
